
Microsoft Visual Studio Solution File, Format Version 12.00
Project("{FAE04EC0-301F-11D3-BF4B-00C04F79EFBC}") = "SignalR", "SignalR\SignalR.csproj", "{D45F63DC-277C-43AE-A31B-A4A4EF1ADBF8}"
EndProject
Global
	GlobalSection(SolutionConfigurationPlatforms) = preSolution
		Debug|Any CPU = Debug|Any CPU
		Release|Any CPU = Release|Any CPU
	EndGlobalSection
	GlobalSection(ProjectConfigurationPlatforms) = postSolution
		{D45F63DC-277C-43AE-A31B-A4A4EF1ADBF8}.Debug|Any CPU.ActiveCfg = Debug|Any CPU
		{D45F63DC-277C-43AE-A31B-A4A4EF1ADBF8}.Debug|Any CPU.Build.0 = Debug|Any CPU
		{D45F63DC-277C-43AE-A31B-A4A4EF1ADBF8}.Release|Any CPU.ActiveCfg = Release|Any CPU
		{D45F63DC-277C-43AE-A31B-A4A4EF1ADBF8}.Release|Any CPU.Build.0 = Release|Any CPU
	EndGlobalSection
EndGlobal
